<?xml version="1.0" encoding="utf-8"?>
<Project ToolsVersion="4.0" xmlns="http://schemas.microsoft.com/developer/msbuild/2003">
  <ItemGroup>
    <Filter Include="Source Files">
      <UniqueIdentifier>{4FC737F1-C7A5-4376-A066-2A32D752A2FF}</UniqueIdentifier>
      <Extensions>cpp;c;cc;cxx;def;odl;idl;hpj;bat;asm;asmx</Extensions>
    </Filter>
    <Filter Include="Header Files">
      <UniqueIdentifier>{93995380-89BD-4b04-88EB-625FBE52EBFB}</UniqueIdentifier>
      <Extensions>h;hh;hpp;hxx;hm;inl;inc;xsd</Extensions>
    </Filter>
    <Filter Include="Resource Files">
      <UniqueIdentifier>{67DA6AB6-F800-4c08-8B7A-83BB121AAD01}</UniqueIdentifier>
      <Extensions>rc;ico;cur;bmp;dlg;rc2;rct;bin;rgs;gif;jpg;jpeg;jpe;resx;tiff;tif;png;wav;mfcribbon-ms</Extensions>
    </Filter>
  </ItemGroup>
  <ItemGroup>
    <ClInclude Include="stdafx.h">
      <Filter>Header Files</Filter>
    </ClInclude>
    <ClInclude Include="targetver.h">
      <Filter>Header Files</Filter>
    </ClInclude>
    <ClInclude Include="..\gen-cpp\management_service.h">
      <Filter>Header Files</Filter>
    </ClInclude>
    <ClInclude Include="..\gen-cpp\TCurlClient.h">
      <Filter>Header Files</Filter>
    </ClInclude>
    <ClInclude Include="..\gen-cpp\aws_s3.h">
      <Filter>Header Files</Filter>
    </ClInclude>
    <ClInclude Include="..\gen-cpp\webdav.h">
      <Filter>Header Files</Filter>
    </ClInclude>
    <ClInclude Include="..\irm_carrier\repeat_job.h">
      <Filter>Header Files</Filter>
    </ClInclude>
    <ClInclude Include="..\irm_carrier\carrier_service_handler.h">
      <Filter>Header Files</Filter>
    </ClInclude>
    <ClInclude Include="..\gen-cpp\scheduler_service.h">
      <Filter>Header Files</Filter>
    </ClInclude>
  </ItemGroup>
  <ItemGroup>
    <ClCompile Include="stdafx.cpp">
      <Filter>Source Files</Filter>
    </ClCompile>
    <ClCompile Include="irm_imagex_utest.cpp">
      <Filter>Source Files</Filter>
    </ClCompile>
    <ClCompile Include="..\gen-cpp\carrier_service.cpp">
      <Filter>Source Files</Filter>
    </ClCompile>
    <ClCompile Include="..\gen-cpp\common_service.cpp">
      <Filter>Source Files</Filter>
    </ClCompile>
    <ClCompile Include="..\gen-cpp\common_service_handler.cpp">
      <Filter>Source Files</Filter>
    </ClCompile>
    <ClCompile Include="..\gen-cpp\saasame_constants.cpp">
      <Filter>Source Files</Filter>
    </ClCompile>
    <ClCompile Include="..\gen-cpp\saasame_types.cpp">
      <Filter>Source Files</Filter>
    </ClCompile>
    <ClCompile Include="..\gen-cpp\saasame_types2.cpp">
      <Filter>Source Files</Filter>
    </ClCompile>
    <ClCompile Include="..\gen-cpp\common_connection_service.cpp">
      <Filter>Source Files</Filter>
    </ClCompile>
    <ClCompile Include="..\gen-cpp\irm_imagex_local_op.cpp">
      <Filter>Source Files</Filter>
    </ClCompile>
    <ClCompile Include="..\gen-cpp\management_service.cpp">
      <Filter>Source Files</Filter>
    </ClCompile>
    <ClCompile Include="..\irm_carrier\carrier_service_handler.cpp">
      <Filter>Source Files</Filter>
    </ClCompile>
    <ClCompile Include="..\gen-cpp\irm_imagex_carrier_op.cpp">
      <Filter>Source Files</Filter>
    </ClCompile>
    <ClCompile Include="..\gen-cpp\irm_imagex_nfs_op.cpp">
      <Filter>Source Files</Filter>
    </ClCompile>
    <ClCompile Include="..\gen-cpp\irm_imagex_webdav_op.cpp">
      <Filter>Source Files</Filter>
    </ClCompile>
    <ClCompile Include="..\gen-cpp\webdav.cpp">
      <Filter>Source Files</Filter>
    </ClCompile>
    <ClCompile Include="..\gen-cpp\common_connection_service_handler.cpp">
      <Filter>Source Files</Filter>
    </ClCompile>
    <ClCompile Include="..\gen-cpp\virtual_packer_service.cpp">
      <Filter>Source Files</Filter>
    </ClCompile>
    <ClCompile Include="..\gen-cpp\TCurlClient.cpp">
      <Filter>Source Files</Filter>
    </ClCompile>
    <ClCompile Include="..\gen-cpp\aws_s3.cpp">
      <Filter>Source Files</Filter>
    </ClCompile>
    <ClCompile Include="..\gen-cpp\irm_imagex_webdav_ex_op.cpp">
      <Filter>Source Files</Filter>
    </ClCompile>
    <ClCompile Include="..\gen-cpp\irm_imagex_s3_ex_op.cpp">
      <Filter>Source Files</Filter>
    </ClCompile>
    <ClCompile Include="..\gen-cpp\irm_imagex_s3_op.cpp">
      <Filter>Source Files</Filter>
    </ClCompile>
    <ClCompile Include="..\irm_carrier\repeat_job.cpp">
      <Filter>Source Files</Filter>
    </ClCompile>
    <ClCompile Include="..\gen-cpp\scheduler_service.cpp">
      <Filter>Source Files</Filter>
    </ClCompile>
  </ItemGroup>
</Project>