<?xml version="1.0" encoding="utf-8"?>
<Project ToolsVersion="4.0" xmlns="http://schemas.microsoft.com/developer/msbuild/2003">
  <ItemGroup>
    <Filter Include="Source Files">
      <UniqueIdentifier>{4FC737F1-C7A5-4376-A066-2A32D752A2FF}</UniqueIdentifier>
      <Extensions>cpp;c;cc;cxx;def;odl;idl;hpj;bat;asm;asmx</Extensions>
    </Filter>
    <Filter Include="Header Files">
      <UniqueIdentifier>{93995380-89BD-4b04-88EB-625FBE52EBFB}</UniqueIdentifier>
      <Extensions>h;hh;hpp;hxx;hm;inl;inc;xsd</Extensions>
    </Filter>
    <Filter Include="Resource Files">
      <UniqueIdentifier>{67DA6AB6-F800-4c08-8B7A-83BB121AAD01}</UniqueIdentifier>
      <Extensions>rc;ico;cur;bmp;dlg;rc2;rct;bin;rgs;gif;jpg;jpeg;jpe;resx;tiff;tif;png;wav;mfcribbon-ms</Extensions>
    </Filter>
  </ItemGroup>
  <ItemGroup>
    <Text Include="ReadMe.txt" />
  </ItemGroup>
  <ItemGroup>
    <ClInclude Include="stdafx.h">
      <Filter>Header Files</Filter>
    </ClInclude>
    <ClInclude Include="targetver.h">
      <Filter>Header Files</Filter>
    </ClInclude>
    <ClInclude Include="resource.h">
      <Filter>Header Files</Filter>
    </ClInclude>
    <ClInclude Include="..\gen-cpp\launcher_service.h">
      <Filter>Header Files</Filter>
    </ClInclude>
    <ClInclude Include="..\gen-cpp\saasame_constants.h">
      <Filter>Header Files</Filter>
    </ClInclude>
    <ClInclude Include="..\gen-cpp\saasame_types.h">
      <Filter>Header Files</Filter>
    </ClInclude>
    <ClInclude Include="..\gen-cpp\common_service.h">
      <Filter>Header Files</Filter>
    </ClInclude>
    <ClInclude Include="..\gen-cpp\common_service_handler.h">
      <Filter>Header Files</Filter>
    </ClInclude>
    <ClInclude Include="launcher_service_handler.h">
      <Filter>Header Files</Filter>
    </ClInclude>
    <ClInclude Include="..\gen-cpp\management_service.h">
      <Filter>Header Files</Filter>
    </ClInclude>
    <ClInclude Include="launcher_job.h">
      <Filter>Header Files</Filter>
    </ClInclude>
    <ClInclude Include="..\gen-cpp\TCurlClient.h">
      <Filter>Header Files</Filter>
    </ClInclude>
    <ClInclude Include="..\irm_host_mgmt\vhdx.h">
      <Filter>Header Files</Filter>
    </ClInclude>
    <ClInclude Include="..\macho\includes\windows\ssh_client.hpp">
      <Filter>Header Files</Filter>
    </ClInclude>
    <ClInclude Include="..\gen-cpp\service_proxy_handler.h">
      <Filter>Header Files</Filter>
    </ClInclude>
    <ClInclude Include="..\gen-cpp\service_proxy.h">
      <Filter>Header Files</Filter>
    </ClInclude>
    <ClInclude Include="..\gen-cpp\service_op.h">
      <Filter>Header Files</Filter>
    </ClInclude>
    <ClInclude Include="..\gen-cpp\common_connection_service.h">
      <Filter>Header Files</Filter>
    </ClInclude>
    <ClInclude Include="..\gen-cpp\virtual_packer_service.h">
      <Filter>Header Files</Filter>
    </ClInclude>
    <ClInclude Include="..\gen-cpp\physical_packer_service.h">
      <Filter>Header Files</Filter>
    </ClInclude>
    <ClInclude Include="..\gen-cpp\scheduler_service.h">
      <Filter>Header Files</Filter>
    </ClInclude>
    <ClInclude Include="..\gen-cpp\loader_service.h">
      <Filter>Header Files</Filter>
    </ClInclude>
    <ClInclude Include="..\gen-cpp\carrier_service.h">
      <Filter>Header Files</Filter>
    </ClInclude>
    <ClInclude Include="..\gen-cpp\mgmt_op.h">
      <Filter>Header Files</Filter>
    </ClInclude>
    <ClInclude Include="..\linuxfs_parser\ext2fs.h">
      <Filter>Header Files</Filter>
    </ClInclude>
    <ClInclude Include="..\linuxfs_parser\linuxfs_parser.h">
      <Filter>Header Files</Filter>
    </ClInclude>
    <ClInclude Include="..\linuxfs_parser\lvm.h">
      <Filter>Header Files</Filter>
    </ClInclude>
    <ClInclude Include="..\linuxfs_parser\xfs.h">
      <Filter>Header Files</Filter>
    </ClInclude>
    <ClInclude Include="..\ntfs_parser\aliyun_upload.h">
      <Filter>Header Files</Filter>
    </ClInclude>
    <ClInclude Include="..\ntfs_parser\clone_disk.h">
      <Filter>Header Files</Filter>
    </ClInclude>
    <ClInclude Include="..\ntfs_parser\ntfs_parser.h">
      <Filter>Header Files</Filter>
    </ClInclude>
    <ClInclude Include="..\ntfs_parser\vhdtool.h">
      <Filter>Header Files</Filter>
    </ClInclude>
    <ClInclude Include="..\notice\http_client.h">
      <Filter>Header Files</Filter>
    </ClInclude>
    <ClInclude Include="..\ntfs_parser\shrink_volume.h">
      <Filter>Header Files</Filter>
    </ClInclude>
    <ClInclude Include="..\gen-cpp\reverse_transport.h">
      <Filter>Header Files</Filter>
    </ClInclude>
    <ClInclude Include="..\gen-cpp\physical_packer_service_proxy.h">
      <Filter>Header Files</Filter>
    </ClInclude>
    <ClInclude Include="..\ntfs_parser\azure_blob_op.h">
      <Filter>Header Files</Filter>
    </ClInclude>
  </ItemGroup>
  <ItemGroup>
    <ClCompile Include="stdafx.cpp">
      <Filter>Source Files</Filter>
    </ClCompile>
    <ClCompile Include="irm_launcher.cpp">
      <Filter>Source Files</Filter>
    </ClCompile>
    <ClCompile Include="..\gen-cpp\launcher_service.cpp">
      <Filter>Source Files</Filter>
    </ClCompile>
    <ClCompile Include="..\gen-cpp\saasame_types.cpp">
      <Filter>Source Files</Filter>
    </ClCompile>
    <ClCompile Include="..\gen-cpp\saasame_types2.cpp">
      <Filter>Source Files</Filter>
    </ClCompile>
    <ClCompile Include="..\gen-cpp\saasame_constants.cpp">
      <Filter>Source Files</Filter>
    </ClCompile>
    <ClCompile Include="..\gen-cpp\common_service.cpp">
      <Filter>Source Files</Filter>
    </ClCompile>
    <ClCompile Include="..\gen-cpp\common_service_handler.cpp">
      <Filter>Source Files</Filter>
    </ClCompile>
    <ClCompile Include="..\gen-cpp\management_service.cpp">
      <Filter>Source Files</Filter>
    </ClCompile>
    <ClCompile Include="launcher_job.cpp">
      <Filter>Source Files</Filter>
    </ClCompile>
    <ClCompile Include="..\gen-cpp\TCurlClient.cpp">
      <Filter>Source Files</Filter>
    </ClCompile>
    <ClCompile Include="..\irm_host_mgmt\vhdx.cpp">
      <Filter>Source Files</Filter>
    </ClCompile>
    <ClCompile Include="..\gen-cpp\service_proxy_handler.cpp">
      <Filter>Source Files</Filter>
    </ClCompile>
    <ClCompile Include="..\gen-cpp\service_proxy.cpp">
      <Filter>Source Files</Filter>
    </ClCompile>
    <ClCompile Include="..\gen-cpp\common_connection_service.cpp">
      <Filter>Source Files</Filter>
    </ClCompile>
    <ClCompile Include="..\gen-cpp\virtual_packer_service.cpp">
      <Filter>Source Files</Filter>
    </ClCompile>
    <ClCompile Include="..\gen-cpp\physical_packer_service.cpp">
      <Filter>Source Files</Filter>
    </ClCompile>
    <ClCompile Include="..\gen-cpp\scheduler_service.cpp">
      <Filter>Source Files</Filter>
    </ClCompile>
    <ClCompile Include="..\gen-cpp\loader_service.cpp">
      <Filter>Source Files</Filter>
    </ClCompile>
    <ClCompile Include="..\gen-cpp\carrier_service.cpp">
      <Filter>Source Files</Filter>
    </ClCompile>
    <ClCompile Include="..\linuxfs_parser\ext2fs.cpp">
      <Filter>Source Files</Filter>
    </ClCompile>
    <ClCompile Include="..\linuxfs_parser\linuxfs_parser.cpp">
      <Filter>Source Files</Filter>
    </ClCompile>
    <ClCompile Include="..\linuxfs_parser\lvm.cpp">
      <Filter>Source Files</Filter>
    </ClCompile>
    <ClCompile Include="..\linuxfs_parser\xfs.cpp">
      <Filter>Source Files</Filter>
    </ClCompile>
    <ClCompile Include="..\ntfs_parser\aliyun_upload.cpp">
      <Filter>Source Files</Filter>
    </ClCompile>
    <ClCompile Include="..\ntfs_parser\clone_disk.cpp">
      <Filter>Source Files</Filter>
    </ClCompile>
    <ClCompile Include="..\ntfs_parser\ntfs_parser.cpp">
      <Filter>Source Files</Filter>
    </ClCompile>
    <ClCompile Include="..\ntfs_parser\vhdtool.cpp">
      <Filter>Source Files</Filter>
    </ClCompile>
    <ClCompile Include="..\notice\http_client.cpp">
      <Filter>Source Files</Filter>
    </ClCompile>
    <ClCompile Include="..\ntfs_parser\shrink_volume.cpp">
      <Filter>Source Files</Filter>
    </ClCompile>
    <ClCompile Include="..\gen-cpp\reverse_transport.cpp">
      <Filter>Source Files</Filter>
    </ClCompile>
    <ClCompile Include="..\gen-cpp\physical_packer_service_proxy.cpp">
      <Filter>Source Files</Filter>
    </ClCompile>
    <ClCompile Include="..\ntfs_parser\azure_blob_op.cpp">
      <Filter>Source Files</Filter>
    </ClCompile>
  </ItemGroup>
  <ItemGroup>
    <ResourceCompile Include="irm_launcher.rc">
      <Filter>Resource Files</Filter>
    </ResourceCompile>
  </ItemGroup>
  <ItemGroup>
    <Image Include="..\setup\launcher.ico">
      <Filter>Resource Files</Filter>
    </Image>
  </ItemGroup>
  <ItemGroup>
    <None Include="packages.config" />
  </ItemGroup>
</Project>