
Microsoft Visual Studio Solution File, Format Version 12.00
# Visual Studio 15
VisualStudioVersion = 15.0.28307.102
MinimumVisualStudioVersion = 10.0.40219.1
Project("{8BC9CEB8-8B4A-11D0-8D11-00A0C91BC942}") = "linux2v", "linux2v\linux2v.vcxproj", "{BAA8CB3B-9720-4180-B60B-BEE38748F82C}"
EndProject
Global
	GlobalSection(SolutionConfigurationPlatforms) = preSolution
		Debug|ARM = Debug|ARM
		Debug|ARM64 = Debug|ARM64
		Debug|x64 = Debug|x64
		Debug|x86 = Debug|x86
		Release|ARM = Release|ARM
		Release|ARM64 = Release|ARM64
		Release|x64 = Release|x64
		Release|x86 = Release|x86
	EndGlobalSection
	GlobalSection(ProjectConfigurationPlatforms) = postSolution
		{BAA8CB3B-9720-4180-B60B-BEE38748F82C}.Debug|ARM.ActiveCfg = Debug|ARM
		{BAA8CB3B-9720-4180-B60B-BEE38748F82C}.Debug|ARM.Build.0 = Debug|ARM
		{BAA8CB3B-9720-4180-B60B-BEE38748F82C}.Debug|ARM64.ActiveCfg = Debug|ARM64
		{BAA8CB3B-9720-4180-B60B-BEE38748F82C}.Debug|ARM64.Build.0 = Debug|ARM64
		{BAA8CB3B-9720-4180-B60B-BEE38748F82C}.Debug|x64.ActiveCfg = Debug|x64
		{BAA8CB3B-9720-4180-B60B-BEE38748F82C}.Debug|x64.Build.0 = Debug|x64
		{BAA8CB3B-9720-4180-B60B-BEE38748F82C}.Debug|x86.ActiveCfg = Debug|x86
		{BAA8CB3B-9720-4180-B60B-BEE38748F82C}.Debug|x86.Build.0 = Debug|x86
		{BAA8CB3B-9720-4180-B60B-BEE38748F82C}.Release|ARM.ActiveCfg = Release|ARM
		{BAA8CB3B-9720-4180-B60B-BEE38748F82C}.Release|ARM.Build.0 = Release|ARM
		{BAA8CB3B-9720-4180-B60B-BEE38748F82C}.Release|ARM64.ActiveCfg = Release|ARM64
		{BAA8CB3B-9720-4180-B60B-BEE38748F82C}.Release|ARM64.Build.0 = Release|ARM64
		{BAA8CB3B-9720-4180-B60B-BEE38748F82C}.Release|x64.ActiveCfg = Release|x64
		{BAA8CB3B-9720-4180-B60B-BEE38748F82C}.Release|x64.Build.0 = Release|x64
		{BAA8CB3B-9720-4180-B60B-BEE38748F82C}.Release|x86.ActiveCfg = Release|x86
		{BAA8CB3B-9720-4180-B60B-BEE38748F82C}.Release|x86.Build.0 = Release|x86
	EndGlobalSection
	GlobalSection(SolutionProperties) = preSolution
		HideSolutionNode = FALSE
	EndGlobalSection
	GlobalSection(ExtensibilityGlobals) = postSolution
		SolutionGuid = {D5480A63-07E9-4634-B7C3-4524CD00C295}
	EndGlobalSection
EndGlobal
