<?xml version="1.0" encoding="utf-8"?>
<Project ToolsVersion="4.0" xmlns="http://schemas.microsoft.com/developer/msbuild/2003">
  <ItemGroup>
    <Filter Include="Source Files">
      <UniqueIdentifier>{4FC737F1-C7A5-4376-A066-2A32D752A2FF}</UniqueIdentifier>
      <Extensions>cpp;c;cc;cxx;def;odl;idl;hpj;bat;asm;asmx</Extensions>
    </Filter>
    <Filter Include="Header Files">
      <UniqueIdentifier>{93995380-89BD-4b04-88EB-625FBE52EBFB}</UniqueIdentifier>
      <Extensions>h;hh;hpp;hxx;hm;inl;inc;xsd</Extensions>
    </Filter>
    <Filter Include="Resource Files">
      <UniqueIdentifier>{67DA6AB6-F800-4c08-8B7A-83BB121AAD01}</UniqueIdentifier>
      <Extensions>rc;ico;cur;bmp;dlg;rc2;rct;bin;rgs;gif;jpg;jpeg;jpe;resx;tiff;tif;png;wav;mfcribbon-ms</Extensions>
    </Filter>
  </ItemGroup>
  <ItemGroup>
    <Text Include="ReadMe.txt" />
  </ItemGroup>
  <ItemGroup>
    <ClInclude Include="irm_converter.h">
      <Filter>Header Files</Filter>
    </ClInclude>
    <ClInclude Include="irm_disk.h">
      <Filter>Header Files</Filter>
    </ClInclude>
    <ClInclude Include="reg_edit_ex.h">
      <Filter>Header Files</Filter>
    </ClInclude>
    <ClInclude Include="bcd_edit.h">
      <Filter>Header Files</Filter>
    </ClInclude>
    <ClInclude Include="reg_hive_edit.h">
      <Filter>Header Files</Filter>
    </ClInclude>
    <ClInclude Include="os_image_info.h">
      <Filter>Header Files</Filter>
    </ClInclude>
    <ClInclude Include="irm_conv.h">
      <Filter>Header Files</Filter>
    </ClInclude>
    <ClInclude Include="..\gen-cpp\temp_drive_letter.h">
      <Filter>Header Files</Filter>
    </ClInclude>
    <ClInclude Include="..\gen-cpp\universal_disk_rw.h">
      <Filter>Header Files</Filter>
    </ClInclude>
    <ClInclude Include="..\irm_host_mgmt\vhdx.h">
      <Filter>Header Files</Filter>
    </ClInclude>
    <ClInclude Include="boot_ini.h">
      <Filter>Header Files</Filter>
    </ClInclude>
    <ClInclude Include="..\gen-cpp\saasame_constants.h">
      <Filter>Header Files</Filter>
    </ClInclude>
    <ClInclude Include="..\gen-cpp\saasame_types.h">
      <Filter>Header Files</Filter>
    </ClInclude>
  </ItemGroup>
  <ItemGroup>
    <ClCompile Include="irm_converter.cpp">
      <Filter>Source Files</Filter>
    </ClCompile>
    <ClCompile Include="reg_edit_ex.cpp">
      <Filter>Source Files</Filter>
    </ClCompile>
    <ClCompile Include="bcd_edit.cpp">
      <Filter>Source Files</Filter>
    </ClCompile>
    <ClCompile Include="..\gen-cpp\temp_drive_letter.cpp">
      <Filter>Source Files</Filter>
    </ClCompile>
    <ClCompile Include="..\irm_host_mgmt\vhdx.cpp">
      <Filter>Source Files</Filter>
    </ClCompile>
    <ClCompile Include="boot_ini.cpp">
      <Filter>Source Files</Filter>
    </ClCompile>
    <ClCompile Include="..\gen-cpp\saasame_constants.cpp">
      <Filter>Source Files</Filter>
    </ClCompile>
    <ClCompile Include="..\gen-cpp\saasame_types.cpp">
      <Filter>Source Files</Filter>
    </ClCompile>
    <ClCompile Include="..\gen-cpp\saasame_types2.cpp">
      <Filter>Source Files</Filter>
    </ClCompile>
    <ClCompile Include="reg_hive_edit.cpp">
      <Filter>Source Files</Filter>
    </ClCompile>
  </ItemGroup>
</Project>